// !$*UTF8*$!
{
	archiveVersion = 1;
	classes = {
	};
	objectVersion = 56;
	objects = {

/* Begin PBXBuildFile section */
		EFC37C462B2AFE87006C3D92 /* PetShopApp.swift in Sources */ = {isa = PBXBuildFile; fileRef = EFC37C452B2AFE87006C3D92 /* PetShopApp.swift */; };
		EFC37C4C2B2AFE89006C3D92 /* Assets.xcassets in Resources */ = {isa = PBXBuildFile; fileRef = EFC37C4B2B2AFE89006C3D92 /* Assets.xcassets */; };
		EFC37C4F2B2AFE89006C3D92 /* Preview Assets.xcassets in Resources */ = {isa = PBXBuildFile; fileRef = EFC37C4E2B2AFE89006C3D92 /* Preview Assets.xcassets */; };
		EFC37C742B2AFEAE006C3D92 /* DotsIndicator.swift in Sources */ = {isa = PBXBuildFile; fileRef = EFC37C732B2AFEAE006C3D92 /* DotsIndicator.swift */; };
		EFC37C762B2AFEFB006C3D92 /* PrimaryButton.swift in Sources */ = {isa = PBXBuildFile; fileRef = EFC37C752B2AFEFB006C3D92 /* PrimaryButton.swift */; };
		EFC37C782B2AFF44006C3D92 /* HorizontalDivider.swift in Sources */ = {isa = PBXBuildFile; fileRef = EFC37C772B2AFF44006C3D92 /* HorizontalDivider.swift */; };
		EFC37C7A2B2AFF61006C3D92 /* CustomTextField.swift in Sources */ = {isa = PBXBuildFile; fileRef = EFC37C792B2AFF61006C3D92 /* CustomTextField.swift */; };
		EFC37C8A2B2B001C006C3D92 /* OnboardingScreenModel.swift in Sources */ = {isa = PBXBuildFile; fileRef = EFC37C892B2B001C006C3D92 /* OnboardingScreenModel.swift */; };
		EFC37C8D2B2B0037006C3D92 /* OnboardingView.swift in Sources */ = {isa = PBXBuildFile; fileRef = EFC37C8C2B2B0037006C3D92 /* OnboardingView.swift */; };
		EFC37C8F2B2B0052006C3D92 /* OnboardingController.swift in Sources */ = {isa = PBXBuildFile; fileRef = EFC37C8E2B2B0052006C3D92 /* OnboardingController.swift */; };
		EFC37C932B2B009F006C3D92 /* SigninView.swift in Sources */ = {isa = PBXBuildFile; fileRef = EFC37C922B2B009F006C3D92 /* SigninView.swift */; };
/* End PBXBuildFile section */

/* Begin PBXContainerItemProxy section */
		EFC37C552B2AFE8A006C3D92 /* PBXContainerItemProxy */ = {
			isa = PBXContainerItemProxy;
			containerPortal = EFC37C3A2B2AFE87006C3D92 /* Project object */;
			proxyType = 1;
			remoteGlobalIDString = EFC37C412B2AFE87006C3D92;
			remoteInfo = PetShop;
		};
		EFC37C5F2B2AFE8A006C3D92 /* PBXContainerItemProxy */ = {
			isa = PBXContainerItemProxy;
			containerPortal = EFC37C3A2B2AFE87006C3D92 /* Project object */;
			proxyType = 1;
			remoteGlobalIDString = EFC37C412B2AFE87006C3D92;
			remoteInfo = PetShop;
		};
/* End PBXContainerItemProxy section */

/* Begin PBXFileReference section */
		EFC37C422B2AFE87006C3D92 /* PetShop.app */ = {isa = PBXFileReference; explicitFileType = wrapper.application; includeInIndex = 0; path = PetShop.app; sourceTree = BUILT_PRODUCTS_DIR; };
		EFC37C452B2AFE87006C3D92 /* PetShopApp.swift */ = {isa = PBXFileReference; lastKnownFileType = sourcecode.swift; path = PetShopApp.swift; sourceTree = "<group>"; };
		EFC37C4B2B2AFE89006C3D92 /* Assets.xcassets */ = {isa = PBXFileReference; lastKnownFileType = folder.assetcatalog; path = Assets.xcassets; sourceTree = "<group>"; };
		EFC37C4E2B2AFE89006C3D92 /* Preview Assets.xcassets */ = {isa = PBXFileReference; lastKnownFileType = folder.assetcatalog; path = "Preview Assets.xcassets"; sourceTree = "<group>"; };
		EFC37C542B2AFE8A006C3D92 /* PetShopTests.xctest */ = {isa = PBXFileReference; explicitFileType = wrapper.cfbundle; includeInIndex = 0; path = PetShopTests.xctest; sourceTree = BUILT_PRODUCTS_DIR; };
		EFC37C5E2B2AFE8A006C3D92 /* PetShopUITests.xctest */ = {isa = PBXFileReference; explicitFileType = wrapper.cfbundle; includeInIndex = 0; path = PetShopUITests.xctest; sourceTree = BUILT_PRODUCTS_DIR; };
		EFC37C732B2AFEAE006C3D92 /* DotsIndicator.swift */ = {isa = PBXFileReference; lastKnownFileType = sourcecode.swift; path = DotsIndicator.swift; sourceTree = "<group>"; };
		EFC37C752B2AFEFB006C3D92 /* PrimaryButton.swift */ = {isa = PBXFileReference; lastKnownFileType = sourcecode.swift; path = PrimaryButton.swift; sourceTree = "<group>"; };
		EFC37C772B2AFF44006C3D92 /* HorizontalDivider.swift */ = {isa = PBXFileReference; lastKnownFileType = sourcecode.swift; path = HorizontalDivider.swift; sourceTree = "<group>"; };
		EFC37C792B2AFF61006C3D92 /* CustomTextField.swift */ = {isa = PBXFileReference; lastKnownFileType = sourcecode.swift; path = CustomTextField.swift; sourceTree = "<group>"; };
		EFC37C892B2B001C006C3D92 /* OnboardingScreenModel.swift */ = {isa = PBXFileReference; lastKnownFileType = sourcecode.swift; path = OnboardingScreenModel.swift; sourceTree = "<group>"; };
		EFC37C8C2B2B0037006C3D92 /* OnboardingView.swift */ = {isa = PBXFileReference; lastKnownFileType = sourcecode.swift; path = OnboardingView.swift; sourceTree = "<group>"; };
		EFC37C8E2B2B0052006C3D92 /* OnboardingController.swift */ = {isa = PBXFileReference; lastKnownFileType = sourcecode.swift; path = OnboardingController.swift; sourceTree = "<group>"; };
		EFC37C922B2B009F006C3D92 /* SigninView.swift */ = {isa = PBXFileReference; lastKnownFileType = sourcecode.swift; path = SigninView.swift; sourceTree = "<group>"; };
/* End PBXFileReference section */

/* Begin PBXFrameworksBuildPhase section */
		EFC37C3F2B2AFE87006C3D92 /* Frameworks */ = {
			isa = PBXFrameworksBuildPhase;
			buildActionMask = 2147483647;
			files = (
			);
			runOnlyForDeploymentPostprocessing = 0;
		};
		EFC37C512B2AFE89006C3D92 /* Frameworks */ = {
			isa = PBXFrameworksBuildPhase;
			buildActionMask = 2147483647;
			files = (
			);
			runOnlyForDeploymentPostprocessing = 0;
		};
		EFC37C5B2B2AFE8A006C3D92 /* Frameworks */ = {
			isa = PBXFrameworksBuildPhase;
			buildActionMask = 2147483647;
			files = (
			);
			runOnlyForDeploymentPostprocessing = 0;
		};
/* End PBXFrameworksBuildPhase section */

/* Begin PBXGroup section */
		EFC37C392B2AFE87006C3D92 = {
			isa = PBXGroup;
			children = (
				EFC37C442B2AFE87006C3D92 /* PetShop */,
				EFC37C432B2AFE87006C3D92 /* Products */,
			);
			sourceTree = "<group>";
		};
		EFC37C432B2AFE87006C3D92 /* Products */ = {
			isa = PBXGroup;
			children = (
				EFC37C422B2AFE87006C3D92 /* PetShop.app */,
				EFC37C542B2AFE8A006C3D92 /* PetShopTests.xctest */,
				EFC37C5E2B2AFE8A006C3D92 /* PetShopUITests.xctest */,
			);
			name = Products;
			sourceTree = "<group>";
		};
		EFC37C442B2AFE87006C3D92 /* PetShop */ = {
			isa = PBXGroup;
			children = (
				EFC37C4D2B2AFE89006C3D92 /* Preview Content */,
				EFC37C7B2B2AFF8C006C3D92 /* Features */,
				EFC37C712B2AFE92006C3D92 /* Core */,
			);
			path = PetShop;
			sourceTree = "<group>";
		};
		EFC37C4D2B2AFE89006C3D92 /* Preview Content */ = {
			isa = PBXGroup;
			children = (
				EFC37C4E2B2AFE89006C3D92 /* Preview Assets.xcassets */,
			);
			path = "Preview Content";
			sourceTree = "<group>";
		};
		EFC37C712B2AFE92006C3D92 /* Core */ = {
			isa = PBXGroup;
			children = (
				EFC37C942B2B01AA006C3D92 /* Root */,
				EFC37C722B2AFE98006C3D92 /* Components */,
			);
			path = Core;
			sourceTree = "<group>";
		};
		EFC37C722B2AFE98006C3D92 /* Components */ = {
			isa = PBXGroup;
			children = (
				EFC37C732B2AFEAE006C3D92 /* DotsIndicator.swift */,
				EFC37C752B2AFEFB006C3D92 /* PrimaryButton.swift */,
				EFC37C772B2AFF44006C3D92 /* HorizontalDivider.swift */,
				EFC37C792B2AFF61006C3D92 /* CustomTextField.swift */,
			);
			path = Components;
			sourceTree = "<group>";
		};
		EFC37C7B2B2AFF8C006C3D92 /* Features */ = {
			isa = PBXGroup;
			children = (
				EFC37C902B2B007E006C3D92 /* Authentication */,
				EFC37C852B2AFFE9006C3D92 /* Onboarding */,
			);
			path = Features;
			sourceTree = "<group>";
		};
		EFC37C852B2AFFE9006C3D92 /* Onboarding */ = {
			isa = PBXGroup;
			children = (
				EFC37C882B2B0002006C3D92 /* Data */,
				EFC37C872B2AFFFD006C3D92 /* Views */,
				EFC37C862B2AFFF6006C3D92 /* Controller */,
			);
			path = Onboarding;
			sourceTree = "<group>";
		};
		EFC37C862B2AFFF6006C3D92 /* Controller */ = {
			isa = PBXGroup;
			children = (
				EFC37C8E2B2B0052006C3D92 /* OnboardingController.swift */,
			);
			path = Controller;
			sourceTree = "<group>";
		};
		EFC37C872B2AFFFD006C3D92 /* Views */ = {
			isa = PBXGroup;
			children = (
				EFC37C8C2B2B0037006C3D92 /* OnboardingView.swift */,
			);
			path = Views;
			sourceTree = "<group>";
		};
		EFC37C882B2B0002006C3D92 /* Data */ = {
			isa = PBXGroup;
			children = (
				EFC37C892B2B001C006C3D92 /* OnboardingScreenModel.swift */,
			);
			path = Data;
			sourceTree = "<group>";
		};
		EFC37C902B2B007E006C3D92 /* Authentication */ = {
			isa = PBXGroup;
			children = (
				EFC37C912B2B008F006C3D92 /* Views */,
			);
			path = Authentication;
			sourceTree = "<group>";
		};
		EFC37C912B2B008F006C3D92 /* Views */ = {
			isa = PBXGroup;
			children = (
				EFC37C922B2B009F006C3D92 /* SigninView.swift */,
			);
			path = Views;
			sourceTree = "<group>";
		};
		EFC37C942B2B01AA006C3D92 /* Root */ = {
			isa = PBXGroup;
			children = (
				EFC37C4B2B2AFE89006C3D92 /* Assets.xcassets */,
				EFC37C452B2AFE87006C3D92 /* PetShopApp.swift */,
			);
			path = Root;
			sourceTree = "<group>";
		};
/* End PBXGroup section */

/* Begin PBXNativeTarget section */
		EFC37C412B2AFE87006C3D92 /* PetShop */ = {
			isa = PBXNativeTarget;
			buildConfigurationList = EFC37C682B2AFE8A006C3D92 /* Build configuration list for PBXNativeTarget "PetShop" */;
			buildPhases = (
				EFC37C3E2B2AFE87006C3D92 /* Sources */,
				EFC37C3F2B2AFE87006C3D92 /* Frameworks */,
				EFC37C402B2AFE87006C3D92 /* Resources */,
			);
			buildRules = (
			);
			dependencies = (
			);
			name = PetShop;
			productName = PetShop;
			productReference = EFC37C422B2AFE87006C3D92 /* PetShop.app */;
			productType = "com.apple.product-type.application";
		};
		EFC37C532B2AFE89006C3D92 /* PetShopTests */ = {
			isa = PBXNativeTarget;
			buildConfigurationList = EFC37C6B2B2AFE8A006C3D92 /* Build configuration list for PBXNativeTarget "PetShopTests" */;
			buildPhases = (
				EFC37C502B2AFE89006C3D92 /* Sources */,
				EFC37C512B2AFE89006C3D92 /* Frameworks */,
				EFC37C522B2AFE89006C3D92 /* Resources */,
			);
			buildRules = (
			);
			dependencies = (
				EFC37C562B2AFE8A006C3D92 /* PBXTargetDependency */,
			);
			name = PetShopTests;
			productName = PetShopTests;
			productReference = EFC37C542B2AFE8A006C3D92 /* PetShopTests.xctest */;
			productType = "com.apple.product-type.bundle.unit-test";
		};
		EFC37C5D2B2AFE8A006C3D92 /* PetShopUITests */ = {
			isa = PBXNativeTarget;
			buildConfigurationList = EFC37C6E2B2AFE8A006C3D92 /* Build configuration list for PBXNativeTarget "PetShopUITests" */;
			buildPhases = (
				EFC37C5A2B2AFE8A006C3D92 /* Sources */,
				EFC37C5B2B2AFE8A006C3D92 /* Frameworks */,
				EFC37C5C2B2AFE8A006C3D92 /* Resources */,
			);
			buildRules = (
			);
			dependencies = (
				EFC37C602B2AFE8A006C3D92 /* PBXTargetDependency */,
			);
			name = PetShopUITests;
			productName = PetShopUITests;
			productReference = EFC37C5E2B2AFE8A006C3D92 /* PetShopUITests.xctest */;
			productType = "com.apple.product-type.bundle.ui-testing";
		};
/* End PBXNativeTarget section */

/* Begin PBXProject section */
		EFC37C3A2B2AFE87006C3D92 /* Project object */ = {
			isa = PBXProject;
			attributes = {
				BuildIndependentTargetsInParallel = 1;
				LastSwiftUpdateCheck = 1510;
				LastUpgradeCheck = 1510;
				TargetAttributes = {
					EFC37C412B2AFE87006C3D92 = {
						CreatedOnToolsVersion = 15.1;
					};
					EFC37C532B2AFE89006C3D92 = {
						CreatedOnToolsVersion = 15.1;
						TestTargetID = EFC37C412B2AFE87006C3D92;
					};
					EFC37C5D2B2AFE8A006C3D92 = {
						CreatedOnToolsVersion = 15.1;
						TestTargetID = EFC37C412B2AFE87006C3D92;
					};
				};
			};
			buildConfigurationList = EFC37C3D2B2AFE87006C3D92 /* Build configuration list for PBXProject "PetShop" */;
			compatibilityVersion = "Xcode 14.0";
			developmentRegion = en;
			hasScannedForEncodings = 0;
			knownRegions = (
				en,
				Base,
			);
			mainGroup = EFC37C392B2AFE87006C3D92;
			productRefGroup = EFC37C432B2AFE87006C3D92 /* Products */;
			projectDirPath = "";
			projectRoot = "";
			targets = (
				EFC37C412B2AFE87006C3D92 /* PetShop */,
				EFC37C532B2AFE89006C3D92 /* PetShopTests */,
				EFC37C5D2B2AFE8A006C3D92 /* PetShopUITests */,
			);
		};
/* End PBXProject section */

/* Begin PBXResourcesBuildPhase section */
		EFC37C402B2AFE87006C3D92 /* Resources */ = {
			isa = PBXResourcesBuildPhase;
			buildActionMask = 2147483647;
			files = (
				EFC37C4F2B2AFE89006C3D92 /* Preview Assets.xcassets in Resources */,
				EFC37C4C2B2AFE89006C3D92 /* Assets.xcassets in Resources */,
			);
			runOnlyForDeploymentPostprocessing = 0;
		};
		EFC37C522B2AFE89006C3D92 /* Resources */ = {
			isa = PBXResourcesBuildPhase;
			buildActionMask = 2147483647;
			files = (
			);
			runOnlyForDeploymentPostprocessing = 0;
		};
		EFC37C5C2B2AFE8A006C3D92 /* Resources */ = {
			isa = PBXResourcesBuildPhase;
			buildActionMask = 2147483647;
			files = (
			);
			runOnlyForDeploymentPostprocessing = 0;
		};
/* End PBXResourcesBuildPhase section */

/* Begin PBXSourcesBuildPhase section */
		EFC37C3E2B2AFE87006C3D92 /* Sources */ = {
			isa = PBXSourcesBuildPhase;
			buildActionMask = 2147483647;
			files = (
				EFC37C7A2B2AFF61006C3D92 /* CustomTextField.swift in Sources */,
				EFC37C932B2B009F006C3D92 /* SigninView.swift in Sources */,
				EFC37C8A2B2B001C006C3D92 /* OnboardingScreenModel.swift in Sources */,
				EFC37C8D2B2B0037006C3D92 /* OnboardingView.swift in Sources */,
				EFC37C742B2AFEAE006C3D92 /* DotsIndicator.swift in Sources */,
				EFC37C762B2AFEFB006C3D92 /* PrimaryButton.swift in Sources */,
				EFC37C462B2AFE87006C3D92 /* PetShopApp.swift in Sources */,
				EFC37C8F2B2B0052006C3D92 /* OnboardingController.swift in Sources */,
				EFC37C782B2AFF44006C3D92 /* HorizontalDivider.swift in Sources */,
			);
			runOnlyForDeploymentPostprocessing = 0;
		};
		EFC37C502B2AFE89006C3D92 /* Sources */ = {
			isa = PBXSourcesBuildPhase;
			buildActionMask = 2147483647;
			files = (
			);
			runOnlyForDeploymentPostprocessing = 0;
		};
		EFC37C5A2B2AFE8A006C3D92 /* Sources */ = {
			isa = PBXSourcesBuildPhase;
			buildActionMask = 2147483647;
			files = (
			);
			runOnlyForDeploymentPostprocessing = 0;
		};
/* End PBXSourcesBuildPhase section */

/* Begin PBXTargetDependency section */
		EFC37C562B2AFE8A006C3D92 /* PBXTargetDependency */ = {
			isa = PBXTargetDependency;
			target = EFC37C412B2AFE87006C3D92 /* PetShop */;
			targetProxy = EFC37C552B2AFE8A006C3D92 /* PBXContainerItemProxy */;
		};
		EFC37C602B2AFE8A006C3D92 /* PBXTargetDependency */ = {
			isa = PBXTargetDependency;
			target = EFC37C412B2AFE87006C3D92 /* PetShop */;
			targetProxy = EFC37C5F2B2AFE8A006C3D92 /* PBXContainerItemProxy */;
		};
/* End PBXTargetDependency section */

/* Begin XCBuildConfiguration section */
		EFC37C662B2AFE8A006C3D92 /* Debug */ = {
			isa = XCBuildConfiguration;
			buildSettings = {
				ALWAYS_SEARCH_USER_PATHS = NO;
				ASSETCATALOG_COMPILER_GENERATE_SWIFT_ASSET_SYMBOL_EXTENSIONS = YES;
				CLANG_ANALYZER_NONNULL = YES;
				CLANG_ANALYZER_NUMBER_OBJECT_CONVERSION = YES_AGGRESSIVE;
				CLANG_CXX_LANGUAGE_STANDARD = "gnu++20";
				CLANG_ENABLE_MODULES = YES;
				CLANG_ENABLE_OBJC_ARC = YES;
				CLANG_ENABLE_OBJC_WEAK = YES;
				CLANG_WARN_BLOCK_CAPTURE_AUTORELEASING = YES;
				CLANG_WARN_BOOL_CONVERSION = YES;
				CLANG_WARN_COMMA = YES;
				CLANG_WARN_CONSTANT_CONVERSION = YES;
				CLANG_WARN_DEPRECATED_OBJC_IMPLEMENTATIONS = YES;
				CLANG_WARN_DIRECT_OBJC_ISA_USAGE = YES_ERROR;
				CLANG_WARN_DOCUMENTATION_COMMENTS = YES;
				CLANG_WARN_EMPTY_BODY = YES;
				CLANG_WARN_ENUM_CONVERSION = YES;
				CLANG_WARN_INFINITE_RECURSION = YES;
				CLANG_WARN_INT_CONVERSION = YES;
				CLANG_WARN_NON_LITERAL_NULL_CONVERSION = YES;
				CLANG_WARN_OBJC_IMPLICIT_RETAIN_SELF = YES;
				CLANG_WARN_OBJC_LITERAL_CONVERSION = YES;
				CLANG_WARN_OBJC_ROOT_CLASS = YES_ERROR;
				CLANG_WARN_QUOTED_INCLUDE_IN_FRAMEWORK_HEADER = YES;
				CLANG_WARN_RANGE_LOOP_ANALYSIS = YES;
				CLANG_WARN_STRICT_PROTOTYPES = YES;
				CLANG_WARN_SUSPICIOUS_MOVE = YES;
				CLANG_WARN_UNGUARDED_AVAILABILITY = YES_AGGRESSIVE;
				CLANG_WARN_UNREACHABLE_CODE = YES;
				CLANG_WARN__DUPLICATE_METHOD_MATCH = YES;
				COPY_PHASE_STRIP = NO;
				DEBUG_INFORMATION_FORMAT = dwarf;
				ENABLE_STRICT_OBJC_MSGSEND = YES;
				ENABLE_TESTABILITY = YES;
				ENABLE_USER_SCRIPT_SANDBOXING = YES;
				GCC_C_LANGUAGE_STANDARD = gnu17;
				GCC_DYNAMIC_NO_PIC = NO;
				GCC_NO_COMMON_BLOCKS = YES;
				GCC_OPTIMIZATION_LEVEL = 0;
				GCC_PREPROCESSOR_DEFINITIONS = (
					"DEBUG=1",
					"$(inherited)",
				);
				GCC_WARN_64_TO_32_BIT_CONVERSION = YES;
				GCC_WARN_ABOUT_RETURN_TYPE = YES_ERROR;
				GCC_WARN_UNDECLARED_SELECTOR = YES;
				GCC_WARN_UNINITIALIZED_AUTOS = YES_AGGRESSIVE;
				GCC_WARN_UNUSED_FUNCTION = YES;
				GCC_WARN_UNUSED_VARIABLE = YES;
				IPHONEOS_DEPLOYMENT_TARGET = 17.2;
				LOCALIZATION_PREFERS_STRING_CATALOGS = YES;
				MTL_ENABLE_DEBUG_INFO = INCLUDE_SOURCE;
				MTL_FAST_MATH = YES;
				ONLY_ACTIVE_ARCH = YES;
				SDKROOT = iphoneos;
				SWIFT_ACTIVE_COMPILATION_CONDITIONS = "DEBUG $(inherited)";
				SWIFT_OPTIMIZATION_LEVEL = "-Onone";
			};
			name = Debug;
		};
		EFC37C672B2AFE8A006C3D92 /* Release */ = {
			isa = XCBuildConfiguration;
			buildSettings = {
				ALWAYS_SEARCH_USER_PATHS = NO;
				ASSETCATALOG_COMPILER_GENERATE_SWIFT_ASSET_SYMBOL_EXTENSIONS = YES;
				CLANG_ANALYZER_NONNULL = YES;
				CLANG_ANALYZER_NUMBER_OBJECT_CONVERSION = YES_AGGRESSIVE;
				CLANG_CXX_LANGUAGE_STANDARD = "gnu++20";
				CLANG_ENABLE_MODULES = YES;
				CLANG_ENABLE_OBJC_ARC = YES;
				CLANG_ENABLE_OBJC_WEAK = YES;
				CLANG_WARN_BLOCK_CAPTURE_AUTORELEASING = YES;
				CLANG_WARN_BOOL_CONVERSION = YES;
				CLANG_WARN_COMMA = YES;
				CLANG_WARN_CONSTANT_CONVERSION = YES;
				CLANG_WARN_DEPRECATED_OBJC_IMPLEMENTATIONS = YES;
				CLANG_WARN_DIRECT_OBJC_ISA_USAGE = YES_ERROR;
				CLANG_WARN_DOCUMENTATION_COMMENTS = YES;
				CLANG_WARN_EMPTY_BODY = YES;
				CLANG_WARN_ENUM_CONVERSION = YES;
				CLANG_WARN_INFINITE_RECURSION = YES;
				CLANG_WARN_INT_CONVERSION = YES;
				CLANG_WARN_NON_LITERAL_NULL_CONVERSION = YES;
				CLANG_WARN_OBJC_IMPLICIT_RETAIN_SELF = YES;
				CLANG_WARN_OBJC_LITERAL_CONVERSION = YES;
				CLANG_WARN_OBJC_ROOT_CLASS = YES_ERROR;
				CLANG_WARN_QUOTED_INCLUDE_IN_FRAMEWORK_HEADER = YES;
				CLANG_WARN_RANGE_LOOP_ANALYSIS = YES;
				CLANG_WARN_STRICT_PROTOTYPES = YES;
				CLANG_WARN_SUSPICIOUS_MOVE = YES;
				CLANG_WARN_UNGUARDED_AVAILABILITY = YES_AGGRESSIVE;
				CLANG_WARN_UNREACHABLE_CODE = YES;
				CLANG_WARN__DUPLICATE_METHOD_MATCH = YES;
				COPY_PHASE_STRIP = NO;
				DEBUG_INFORMATION_FORMAT = "dwarf-with-dsym";
				ENABLE_NS_ASSERTIONS = NO;
				ENABLE_STRICT_OBJC_MSGSEND = YES;
				ENABLE_USER_SCRIPT_SANDBOXING = YES;
				GCC_C_LANGUAGE_STANDARD = gnu17;
				GCC_NO_COMMON_BLOCKS = YES;
				GCC_WARN_64_TO_32_BIT_CONVERSION = YES;
				GCC_WARN_ABOUT_RETURN_TYPE = YES_ERROR;
				GCC_WARN_UNDECLARED_SELECTOR = YES;
				GCC_WARN_UNINITIALIZED_AUTOS = YES_AGGRESSIVE;
				GCC_WARN_UNUSED_FUNCTION = YES;
				GCC_WARN_UNUSED_VARIABLE = YES;
				IPHONEOS_DEPLOYMENT_TARGET = 17.2;
				LOCALIZATION_PREFERS_STRING_CATALOGS = YES;
				MTL_ENABLE_DEBUG_INFO = NO;
				MTL_FAST_MATH = YES;
				SDKROOT = iphoneos;
				SWIFT_COMPILATION_MODE = wholemodule;
				VALIDATE_PRODUCT = YES;
			};
			name = Release;
		};
		EFC37C692B2AFE8A006C3D92 /* Debug */ = {
			isa = XCBuildConfiguration;
			buildSettings = {
				ASSETCATALOG_COMPILER_APPICON_NAME = AppIcon;
				ASSETCATALOG_COMPILER_GLOBAL_ACCENT_COLOR_NAME = AccentColor;
				CODE_SIGN_STYLE = Automatic;
				CURRENT_PROJECT_VERSION = 1;
				DEVELOPMENT_ASSET_PATHS = "\"PetShop/Preview Content\"";
				DEVELOPMENT_TEAM = 922L4HAC7Y;
				ENABLE_PREVIEWS = YES;
				GENERATE_INFOPLIST_FILE = YES;
				INFOPLIST_KEY_UIApplicationSceneManifest_Generation = YES;
				INFOPLIST_KEY_UIApplicationSupportsIndirectInputEvents = YES;
				INFOPLIST_KEY_UILaunchScreen_Generation = YES;
				INFOPLIST_KEY_UISupportedInterfaceOrientations_iPad = "UIInterfaceOrientationPortrait UIInterfaceOrientationPortraitUpsideDown UIInterfaceOrientationLandscapeLeft UIInterfaceOrientationLandscapeRight";
				INFOPLIST_KEY_UISupportedInterfaceOrientations_iPhone = "UIInterfaceOrientationPortrait UIInterfaceOrientationLandscapeLeft UIInterfaceOrientationLandscapeRight";
				LD_RUNPATH_SEARCH_PATHS = (
					"$(inherited)",
					"@executable_path/Frameworks",
				);
				MARKETING_VERSION = 1.0;
				PRODUCT_BUNDLE_IDENTIFIER = com.workwithafridi.PetShop;
				PRODUCT_NAME = "$(TARGET_NAME)";
				SWIFT_EMIT_LOC_STRINGS = YES;
				SWIFT_VERSION = 5.0;
				TARGETED_DEVICE_FAMILY = "1,2";
			};
			name = Debug;
		};
		EFC37C6A2B2AFE8A006C3D92 /* Release */ = {
			isa = XCBuildConfiguration;
			buildSettings = {
				ASSETCATALOG_COMPILER_APPICON_NAME = AppIcon;
				ASSETCATALOG_COMPILER_GLOBAL_ACCENT_COLOR_NAME = AccentColor;
				CODE_SIGN_STYLE = Automatic;
				CURRENT_PROJECT_VERSION = 1;
				DEVELOPMENT_ASSET_PATHS = "\"PetShop/Preview Content\"";
				DEVELOPMENT_TEAM = 922L4HAC7Y;
				ENABLE_PREVIEWS = YES;
				GENERATE_INFOPLIST_FILE = YES;
				INFOPLIST_KEY_UIApplicationSceneManifest_Generation = YES;
				INFOPLIST_KEY_UIApplicationSupportsIndirectInputEvents = YES;
				INFOPLIST_KEY_UILaunchScreen_Generation = YES;
				INFOPLIST_KEY_UISupportedInterfaceOrientations_iPad = "UIInterfaceOrientationPortrait UIInterfaceOrientationPortraitUpsideDown UIInterfaceOrientationLandscapeLeft UIInterfaceOrientationLandscapeRight";
				INFOPLIST_KEY_UISupportedInterfaceOrientations_iPhone = "UIInterfaceOrientationPortrait UIInterfaceOrientationLandscapeLeft UIInterfaceOrientationLandscapeRight";
				LD_RUNPATH_SEARCH_PATHS = (
					"$(inherited)",
					"@executable_path/Frameworks",
				);
				MARKETING_VERSION = 1.0;
				PRODUCT_BUNDLE_IDENTIFIER = com.workwithafridi.PetShop;
				PRODUCT_NAME = "$(TARGET_NAME)";
				SWIFT_EMIT_LOC_STRINGS = YES;
				SWIFT_VERSION = 5.0;
				TARGETED_DEVICE_FAMILY = "1,2";
			};
			name = Release;
		};
		EFC37C6C2B2AFE8A006C3D92 /* Debug */ = {
			isa = XCBuildConfiguration;
			buildSettings = {
				ALWAYS_EMBED_SWIFT_STANDARD_LIBRARIES = YES;
				BUNDLE_LOADER = "$(TEST_HOST)";
				CODE_SIGN_STYLE = Automatic;
				CURRENT_PROJECT_VERSION = 1;
				DEVELOPMENT_TEAM = 922L4HAC7Y;
				GENERATE_INFOPLIST_FILE = YES;
				IPHONEOS_DEPLOYMENT_TARGET = 17.2;
				MARKETING_VERSION = 1.0;
				PRODUCT_BUNDLE_IDENTIFIER = com.workwithafridi.PetShopTests;
				PRODUCT_NAME = "$(TARGET_NAME)";
				SWIFT_EMIT_LOC_STRINGS = NO;
				SWIFT_VERSION = 5.0;
				TARGETED_DEVICE_FAMILY = "1,2";
				TEST_HOST = "$(BUILT_PRODUCTS_DIR)/PetShop.app/$(BUNDLE_EXECUTABLE_FOLDER_PATH)/PetShop";
			};
			name = Debug;
		};
		EFC37C6D2B2AFE8A006C3D92 /* Release */ = {
			isa = XCBuildConfiguration;
			buildSettings = {
				ALWAYS_EMBED_SWIFT_STANDARD_LIBRARIES = YES;
				BUNDLE_LOADER = "$(TEST_HOST)";
				CODE_SIGN_STYLE = Automatic;
				CURRENT_PROJECT_VERSION = 1;
				DEVELOPMENT_TEAM = 922L4HAC7Y;
				GENERATE_INFOPLIST_FILE = YES;
				IPHONEOS_DEPLOYMENT_TARGET = 17.2;
				MARKETING_VERSION = 1.0;
				PRODUCT_BUNDLE_IDENTIFIER = com.workwithafridi.PetShopTests;
				PRODUCT_NAME = "$(TARGET_NAME)";
				SWIFT_EMIT_LOC_STRINGS = NO;
				SWIFT_VERSION = 5.0;
				TARGETED_DEVICE_FAMILY = "1,2";
				TEST_HOST = "$(BUILT_PRODUCTS_DIR)/PetShop.app/$(BUNDLE_EXECUTABLE_FOLDER_PATH)/PetShop";
			};
			name = Release;
		};
		EFC37C6F2B2AFE8A006C3D92 /* Debug */ = {
			isa = XCBuildConfiguration;
			buildSettings = {
				ALWAYS_EMBED_SWIFT_STANDARD_LIBRARIES = YES;
				CODE_SIGN_STYLE = Automatic;
				CURRENT_PROJECT_VERSION = 1;
				DEVELOPMENT_TEAM = 922L4HAC7Y;
				GENERATE_INFOPLIST_FILE = YES;
				MARKETING_VERSION = 1.0;
				PRODUCT_BUNDLE_IDENTIFIER = com.workwithafridi.PetShopUITests;
				PRODUCT_NAME = "$(TARGET_NAME)";
				SWIFT_EMIT_LOC_STRINGS = NO;
				SWIFT_VERSION = 5.0;
				TARGETED_DEVICE_FAMILY = "1,2";
				TEST_TARGET_NAME = PetShop;
			};
			name = Debug;
		};
		EFC37C702B2AFE8A006C3D92 /* Release */ = {
			isa = XCBuildConfiguration;
			buildSettings = {
				ALWAYS_EMBED_SWIFT_STANDARD_LIBRARIES = YES;
				CODE_SIGN_STYLE = Automatic;
				CURRENT_PROJECT_VERSION = 1;
				DEVELOPMENT_TEAM = 922L4HAC7Y;
				GENERATE_INFOPLIST_FILE = YES;
				MARKETING_VERSION = 1.0;
				PRODUCT_BUNDLE_IDENTIFIER = com.workwithafridi.PetShopUITests;
				PRODUCT_NAME = "$(TARGET_NAME)";
				SWIFT_EMIT_LOC_STRINGS = NO;
				SWIFT_VERSION = 5.0;
				TARGETED_DEVICE_FAMILY = "1,2";
				TEST_TARGET_NAME = PetShop;
			};
			name = Release;
		};
/* End XCBuildConfiguration section */

/* Begin XCConfigurationList section */
		EFC37C3D2B2AFE87006C3D92 /* Build configuration list for PBXProject "PetShop" */ = {
			isa = XCConfigurationList;
			buildConfigurations = (
				EFC37C662B2AFE8A006C3D92 /* Debug */,
				EFC37C672B2AFE8A006C3D92 /* Release */,
			);
			defaultConfigurationIsVisible = 0;
			defaultConfigurationName = Release;
		};
		EFC37C682B2AFE8A006C3D92 /* Build configuration list for PBXNativeTarget "PetShop" */ = {
			isa = XCConfigurationList;
			buildConfigurations = (
				EFC37C692B2AFE8A006C3D92 /* Debug */,
				EFC37C6A2B2AFE8A006C3D92 /* Release */,
			);
			defaultConfigurationIsVisible = 0;
			defaultConfigurationName = Release;
		};
		EFC37C6B2B2AFE8A006C3D92 /* Build configuration list for PBXNativeTarget "PetShopTests" */ = {
			isa = XCConfigurationList;
			buildConfigurations = (
				EFC37C6C2B2AFE8A006C3D92 /* Debug */,
				EFC37C6D2B2AFE8A006C3D92 /* Release */,
			);
			defaultConfigurationIsVisible = 0;
			defaultConfigurationName = Release;
		};
		EFC37C6E2B2AFE8A006C3D92 /* Build configuration list for PBXNativeTarget "PetShopUITests" */ = {
			isa = XCConfigurationList;
			buildConfigurations = (
				EFC37C6F2B2AFE8A006C3D92 /* Debug */,
				EFC37C702B2AFE8A006C3D92 /* Release */,
			);
			defaultConfigurationIsVisible = 0;
			defaultConfigurationName = Release;
		};
/* End XCConfigurationList section */
	};
	rootObject = EFC37C3A2B2AFE87006C3D92 /* Project object */;
}
